{
  "object": {
    "pins": [
      {
        "package": "SwiftPriorityQueue",
        "repositoryURL": "https://github.com/davecom/SwiftPriorityQueue.git",
        "state": {
          "branch": null,
          "revision": "c92b5b098a0153cd9660041502e1ed5a5e55bb17",
          "version": "1.2.1"
        }
      }
    ]
  },
  "version": 1
}
